# THIS IS AN AUTOGENERATED FILE. DO NOT EDIT THIS FILE DIRECTLY.
# yarn lockfile v1


"@datastructures-js/heap@^3.2.0":
  version "3.2.0"
  resolved "https://registry.yarnpkg.com/@datastructures-js/heap/-/heap-3.2.0.tgz#d8fcdbf58c462c8a3f0fdfd9c6a57ca11505321e"
  integrity sha512-FcU5ZAyb+VIOZz1HABsJUsbJi2ZyUDO7aoe97hq4d3tK3z8nMgwdxf5bO0gafR0ExFi18YTspntqHLzt4XOgnA==

"@datastructures-js/priority-queue@^5.3.0":
  version "5.3.0"
  resolved "https://registry.yarnpkg.com/@datastructures-js/priority-queue/-/priority-queue-5.3.0.tgz#89afce79a19a3226c12cc6e9288f94ff60af26cf"
  integrity sha512-0Dl0UooE9Uzz85qBP46HTjQHS5GN7NMNluN5/nMfxQAndG/1eNBJpBntLGT5QJarvMO3poLNBJzA3S4GPajp+w==
  dependencies:
    "@datastructures-js/heap" "^3.2.0"

"@datastructures-js/queue@^4.2.3":
  version "4.2.3"
  resolved "https://registry.yarnpkg.com/@datastructures-js/queue/-/queue-4.2.3.tgz#a63b155e2c1634c9b9d8fcd83969c7b3e143dff7"
  integrity sha512-GWVMorC/xi2V2ta+Z/CPgPGHL2ZJozcj48g7y2nIX5GIGZGRrbShSHgvMViJwHJurUzJYOdIdRZnWDRrROFwJA==
